
Microsoft Visual Studio Solution File, Format Version 12.00
# Visual Studio Version 17
VisualStudioVersion = 17.9.34622.214
MinimumVisualStudioVersion = 10.0.40219.1
Project("{FAE04EC0-301F-11D3-BF4B-00C04F79EFBC}") = "Assignment1", "Assignment1\Assignment1.csproj", "{AA29F9E5-F85E-4BC1-BF8A-9DFF5837A254}"
EndProject
Global
	GlobalSection(SolutionConfigurationPlatforms) = preSolution
		Debug|Any CPU = Debug|Any CPU
		Release|Any CPU = Release|Any CPU
	EndGlobalSection
	GlobalSection(ProjectConfigurationPlatforms) = postSolution
		{AA29F9E5-F85E-4BC1-BF8A-9DFF5837A254}.Debug|Any CPU.ActiveCfg = Debug|Any CPU
		{AA29F9E5-F85E-4BC1-BF8A-9DFF5837A254}.Debug|Any CPU.Build.0 = Debug|Any CPU
		{AA29F9E5-F85E-4BC1-BF8A-9DFF5837A254}.Release|Any CPU.ActiveCfg = Release|Any CPU
		{AA29F9E5-F85E-4BC1-BF8A-9DFF5837A254}.Release|Any CPU.Build.0 = Release|Any CPU
	EndGlobalSection
	GlobalSection(SolutionProperties) = preSolution
		HideSolutionNode = FALSE
	EndGlobalSection
	GlobalSection(ExtensibilityGlobals) = postSolution
		SolutionGuid = {34F5E59F-2DB9-43A8-BED5-47B7630BEEC2}
	EndGlobalSection
EndGlobal
